// !$*UTF8*$!
{
	archiveVersion = 1;
	classes = {
	};
	objectVersion = 56;
	objects = {

/* Begin PBXBuildFile section */
		54BDAC6E2B9DC1C200580EC2 /* Day_JournalApp.swift in Sources */ = {isa = PBXBuildFile; fileRef = 54BDAC6D2B9DC1C200580EC2 /* Day_JournalApp.swift */; };
		54BDAC702B9DC1C200580EC2 /* JournalEntryListView.swift in Sources */ = {isa = PBXBuildFile; fileRef = 54BDAC6F2B9DC1C200580EC2 /* JournalEntryListView.swift */; };
		54BDAC722B9DC1C400580EC2 /* Assets.xcassets in Resources */ = {isa = PBXBuildFile; fileRef = 54BDAC712B9DC1C400580EC2 /* Assets.xcassets */; };
		54BDAC752B9DC1C400580EC2 /* Preview Assets.xcassets in Resources */ = {isa = PBXBuildFile; fileRef = 54BDAC742B9DC1C400580EC2 /* Preview Assets.xcassets */; };
		54BDAC7C2B9DC70900580EC2 /* JournalEntry.swift in Sources */ = {isa = PBXBuildFile; fileRef = 54BDAC7B2B9DC70900580EC2 /* JournalEntry.swift */; };
		54BDAC7E2B9DCFB100580EC2 /* JournalEntryDetailView.swift in Sources */ = {isa = PBXBuildFile; fileRef = 54BDAC7D2B9DCFB100580EC2 /* JournalEntryDetailView.swift */; };
		54BDAC9C2B9EFA9A00580EC2 /* JournalEntryRowView.swift in Sources */ = {isa = PBXBuildFile; fileRef = 54BDAC9B2B9EFA9A00580EC2 /* JournalEntryRowView.swift */; };
		54EFAB172BA06F7000BB3C22 /* CreateJournalEntryView.swift in Sources */ = {isa = PBXBuildFile; fileRef = 54EFAB162BA06F7000BB3C22 /* CreateJournalEntryView.swift */; };
/* End PBXBuildFile section */

/* Begin PBXFileReference section */
		54BDAC6A2B9DC1C200580EC2 /* Day Journal.app */ = {isa = PBXFileReference; explicitFileType = wrapper.application; includeInIndex = 0; path = "Day Journal.app"; sourceTree = BUILT_PRODUCTS_DIR; };
		54BDAC6D2B9DC1C200580EC2 /* Day_JournalApp.swift */ = {isa = PBXFileReference; lastKnownFileType = sourcecode.swift; path = Day_JournalApp.swift; sourceTree = "<group>"; };
		54BDAC6F2B9DC1C200580EC2 /* JournalEntryListView.swift */ = {isa = PBXFileReference; lastKnownFileType = sourcecode.swift; path = JournalEntryListView.swift; sourceTree = "<group>"; };
		54BDAC712B9DC1C400580EC2 /* Assets.xcassets */ = {isa = PBXFileReference; lastKnownFileType = folder.assetcatalog; path = Assets.xcassets; sourceTree = "<group>"; };
		54BDAC742B9DC1C400580EC2 /* Preview Assets.xcassets */ = {isa = PBXFileReference; lastKnownFileType = folder.assetcatalog; path = "Preview Assets.xcassets"; sourceTree = "<group>"; };
		54BDAC7B2B9DC70900580EC2 /* JournalEntry.swift */ = {isa = PBXFileReference; lastKnownFileType = sourcecode.swift; path = JournalEntry.swift; sourceTree = "<group>"; };
		54BDAC7D2B9DCFB100580EC2 /* JournalEntryDetailView.swift */ = {isa = PBXFileReference; lastKnownFileType = sourcecode.swift; path = JournalEntryDetailView.swift; sourceTree = "<group>"; };
		54BDAC9B2B9EFA9A00580EC2 /* JournalEntryRowView.swift */ = {isa = PBXFileReference; lastKnownFileType = sourcecode.swift; path = JournalEntryRowView.swift; sourceTree = "<group>"; };
		54EFAB162BA06F7000BB3C22 /* CreateJournalEntryView.swift */ = {isa = PBXFileReference; lastKnownFileType = sourcecode.swift; path = CreateJournalEntryView.swift; sourceTree = "<group>"; };
/* End PBXFileReference section */

/* Begin PBXFrameworksBuildPhase section */
		54BDAC672B9DC1C200580EC2 /* Frameworks */ = {
			isa = PBXFrameworksBuildPhase;
			buildActionMask = 2147483647;
			files = (
			);
			runOnlyForDeploymentPostprocessing = 0;
		};
/* End PBXFrameworksBuildPhase section */

/* Begin PBXGroup section */
		54BDAC612B9DC1C200580EC2 = {
			isa = PBXGroup;
			children = (
				54BDAC6C2B9DC1C200580EC2 /* Day Journal */,
				54BDAC6B2B9DC1C200580EC2 /* Products */,
			);
			sourceTree = "<group>";
		};
		54BDAC6B2B9DC1C200580EC2 /* Products */ = {
			isa = PBXGroup;
			children = (
				54BDAC6A2B9DC1C200580EC2 /* Day Journal.app */,
			);
			name = Products;
			sourceTree = "<group>";
		};
		54BDAC6C2B9DC1C200580EC2 /* Day Journal */ = {
			isa = PBXGroup;
			children = (
				54BDAC6D2B9DC1C200580EC2 /* Day_JournalApp.swift */,
				54BDAC6F2B9DC1C200580EC2 /* JournalEntryListView.swift */,
				54BDAC712B9DC1C400580EC2 /* Assets.xcassets */,
				54BDAC732B9DC1C400580EC2 /* Preview Content */,
				54BDAC7B2B9DC70900580EC2 /* JournalEntry.swift */,
				54BDAC7D2B9DCFB100580EC2 /* JournalEntryDetailView.swift */,
				54BDAC9B2B9EFA9A00580EC2 /* JournalEntryRowView.swift */,
				54EFAB162BA06F7000BB3C22 /* CreateJournalEntryView.swift */,
			);
			path = "Day Journal";
			sourceTree = "<group>";
		};
		54BDAC732B9DC1C400580EC2 /* Preview Content */ = {
			isa = PBXGroup;
			children = (
				54BDAC742B9DC1C400580EC2 /* Preview Assets.xcassets */,
			);
			path = "Preview Content";
			sourceTree = "<group>";
		};
/* End PBXGroup section */

/* Begin PBXNativeTarget section */
		54BDAC692B9DC1C200580EC2 /* Day Journal */ = {
			isa = PBXNativeTarget;
			buildConfigurationList = 54BDAC782B9DC1C400580EC2 /* Build configuration list for PBXNativeTarget "Day Journal" */;
			buildPhases = (
				54BDAC662B9DC1C200580EC2 /* Sources */,
				54BDAC672B9DC1C200580EC2 /* Frameworks */,
				54BDAC682B9DC1C200580EC2 /* Resources */,
			);
			buildRules = (
			);
			dependencies = (
			);
			name = "Day Journal";
			productName = "Day Journal";
			productReference = 54BDAC6A2B9DC1C200580EC2 /* Day Journal.app */;
			productType = "com.apple.product-type.application";
		};
/* End PBXNativeTarget section */

/* Begin PBXProject section */
		54BDAC622B9DC1C200580EC2 /* Project object */ = {
			isa = PBXProject;
			attributes = {
				BuildIndependentTargetsInParallel = 1;
				LastSwiftUpdateCheck = 1520;
				LastUpgradeCheck = 1520;
				TargetAttributes = {
					54BDAC692B9DC1C200580EC2 = {
						CreatedOnToolsVersion = 15.2;
					};
				};
			};
			buildConfigurationList = 54BDAC652B9DC1C200580EC2 /* Build configuration list for PBXProject "Day Journal" */;
			compatibilityVersion = "Xcode 14.0";
			developmentRegion = en;
			hasScannedForEncodings = 0;
			knownRegions = (
				en,
				Base,
			);
			mainGroup = 54BDAC612B9DC1C200580EC2;
			productRefGroup = 54BDAC6B2B9DC1C200580EC2 /* Products */;
			projectDirPath = "";
			projectRoot = "";
			targets = (
				54BDAC692B9DC1C200580EC2 /* Day Journal */,
			);
		};
/* End PBXProject section */

/* Begin PBXResourcesBuildPhase section */
		54BDAC682B9DC1C200580EC2 /* Resources */ = {
			isa = PBXResourcesBuildPhase;
			buildActionMask = 2147483647;
			files = (
				54BDAC752B9DC1C400580EC2 /* Preview Assets.xcassets in Resources */,
				54BDAC722B9DC1C400580EC2 /* Assets.xcassets in Resources */,
			);
			runOnlyForDeploymentPostprocessing = 0;
		};
/* End PBXResourcesBuildPhase section */

/* Begin PBXSourcesBuildPhase section */
		54BDAC662B9DC1C200580EC2 /* Sources */ = {
			isa = PBXSourcesBuildPhase;
			buildActionMask = 2147483647;
			files = (
				54BDAC9C2B9EFA9A00580EC2 /* JournalEntryRowView.swift in Sources */,
				54BDAC7C2B9DC70900580EC2 /* JournalEntry.swift in Sources */,
				54BDAC702B9DC1C200580EC2 /* JournalEntryListView.swift in Sources */,
				54BDAC7E2B9DCFB100580EC2 /* JournalEntryDetailView.swift in Sources */,
				54BDAC6E2B9DC1C200580EC2 /* Day_JournalApp.swift in Sources */,
				54EFAB172BA06F7000BB3C22 /* CreateJournalEntryView.swift in Sources */,
			);
			runOnlyForDeploymentPostprocessing = 0;
		};
/* End PBXSourcesBuildPhase section */

/* Begin XCBuildConfiguration section */
		54BDAC762B9DC1C400580EC2 /* Debug */ = {
			isa = XCBuildConfiguration;
			buildSettings = {
				ALWAYS_SEARCH_USER_PATHS = NO;
				ASSETCATALOG_COMPILER_GENERATE_SWIFT_ASSET_SYMBOL_EXTENSIONS = YES;
				CLANG_ANALYZER_NONNULL = YES;
				CLANG_ANALYZER_NUMBER_OBJECT_CONVERSION = YES_AGGRESSIVE;
				CLANG_CXX_LANGUAGE_STANDARD = "gnu++20";
				CLANG_ENABLE_MODULES = YES;
				CLANG_ENABLE_OBJC_ARC = YES;
				CLANG_ENABLE_OBJC_WEAK = YES;
				CLANG_WARN_BLOCK_CAPTURE_AUTORELEASING = YES;
				CLANG_WARN_BOOL_CONVERSION = YES;
				CLANG_WARN_COMMA = YES;
				CLANG_WARN_CONSTANT_CONVERSION = YES;
				CLANG_WARN_DEPRECATED_OBJC_IMPLEMENTATIONS = YES;
				CLANG_WARN_DIRECT_OBJC_ISA_USAGE = YES_ERROR;
				CLANG_WARN_DOCUMENTATION_COMMENTS = YES;
				CLANG_WARN_EMPTY_BODY = YES;
				CLANG_WARN_ENUM_CONVERSION = YES;
				CLANG_WARN_INFINITE_RECURSION = YES;
				CLANG_WARN_INT_CONVERSION = YES;
				CLANG_WARN_NON_LITERAL_NULL_CONVERSION = YES;
				CLANG_WARN_OBJC_IMPLICIT_RETAIN_SELF = YES;
				CLANG_WARN_OBJC_LITERAL_CONVERSION = YES;
				CLANG_WARN_OBJC_ROOT_CLASS = YES_ERROR;
				CLANG_WARN_QUOTED_INCLUDE_IN_FRAMEWORK_HEADER = YES;
				CLANG_WARN_RANGE_LOOP_ANALYSIS = YES;
				CLANG_WARN_STRICT_PROTOTYPES = YES;
				CLANG_WARN_SUSPICIOUS_MOVE = YES;
				CLANG_WARN_UNGUARDED_AVAILABILITY = YES_AGGRESSIVE;
				CLANG_WARN_UNREACHABLE_CODE = YES;
				CLANG_WARN__DUPLICATE_METHOD_MATCH = YES;
				COPY_PHASE_STRIP = NO;
				DEBUG_INFORMATION_FORMAT = dwarf;
				ENABLE_STRICT_OBJC_MSGSEND = YES;
				ENABLE_TESTABILITY = YES;
				ENABLE_USER_SCRIPT_SANDBOXING = YES;
				GCC_C_LANGUAGE_STANDARD = gnu17;
				GCC_DYNAMIC_NO_PIC = NO;
				GCC_NO_COMMON_BLOCKS = YES;
				GCC_OPTIMIZATION_LEVEL = 0;
				GCC_PREPROCESSOR_DEFINITIONS = (
					"DEBUG=1",
					"$(inherited)",
				);
				GCC_WARN_64_TO_32_BIT_CONVERSION = YES;
				GCC_WARN_ABOUT_RETURN_TYPE = YES_ERROR;
				GCC_WARN_UNDECLARED_SELECTOR = YES;
				GCC_WARN_UNINITIALIZED_AUTOS = YES_AGGRESSIVE;
				GCC_WARN_UNUSED_FUNCTION = YES;
				GCC_WARN_UNUSED_VARIABLE = YES;
				IPHONEOS_DEPLOYMENT_TARGET = 17.2;
				LOCALIZATION_PREFERS_STRING_CATALOGS = YES;
				MTL_ENABLE_DEBUG_INFO = INCLUDE_SOURCE;
				MTL_FAST_MATH = YES;
				ONLY_ACTIVE_ARCH = YES;
				SDKROOT = iphoneos;
				SWIFT_ACTIVE_COMPILATION_CONDITIONS = "DEBUG $(inherited)";
				SWIFT_OPTIMIZATION_LEVEL = "-Onone";
			};
			name = Debug;
		};
		54BDAC772B9DC1C400580EC2 /* Release */ = {
			isa = XCBuildConfiguration;
			buildSettings = {
				ALWAYS_SEARCH_USER_PATHS = NO;
				ASSETCATALOG_COMPILER_GENERATE_SWIFT_ASSET_SYMBOL_EXTENSIONS = YES;
				CLANG_ANALYZER_NONNULL = YES;
				CLANG_ANALYZER_NUMBER_OBJECT_CONVERSION = YES_AGGRESSIVE;
				CLANG_CXX_LANGUAGE_STANDARD = "gnu++20";
				CLANG_ENABLE_MODULES = YES;
				CLANG_ENABLE_OBJC_ARC = YES;
				CLANG_ENABLE_OBJC_WEAK = YES;
				CLANG_WARN_BLOCK_CAPTURE_AUTORELEASING = YES;
				CLANG_WARN_BOOL_CONVERSION = YES;
				CLANG_WARN_COMMA = YES;
				CLANG_WARN_CONSTANT_CONVERSION = YES;
				CLANG_WARN_DEPRECATED_OBJC_IMPLEMENTATIONS = YES;
				CLANG_WARN_DIRECT_OBJC_ISA_USAGE = YES_ERROR;
				CLANG_WARN_DOCUMENTATION_COMMENTS = YES;
				CLANG_WARN_EMPTY_BODY = YES;
				CLANG_WARN_ENUM_CONVERSION = YES;
				CLANG_WARN_INFINITE_RECURSION = YES;
				CLANG_WARN_INT_CONVERSION = YES;
				CLANG_WARN_NON_LITERAL_NULL_CONVERSION = YES;
				CLANG_WARN_OBJC_IMPLICIT_RETAIN_SELF = YES;
				CLANG_WARN_OBJC_LITERAL_CONVERSION = YES;
				CLANG_WARN_OBJC_ROOT_CLASS = YES_ERROR;
				CLANG_WARN_QUOTED_INCLUDE_IN_FRAMEWORK_HEADER = YES;
				CLANG_WARN_RANGE_LOOP_ANALYSIS = YES;
				CLANG_WARN_STRICT_PROTOTYPES = YES;
				CLANG_WARN_SUSPICIOUS_MOVE = YES;
				CLANG_WARN_UNGUARDED_AVAILABILITY = YES_AGGRESSIVE;
				CLANG_WARN_UNREACHABLE_CODE = YES;
				CLANG_WARN__DUPLICATE_METHOD_MATCH = YES;
				COPY_PHASE_STRIP = NO;
				DEBUG_INFORMATION_FORMAT = "dwarf-with-dsym";
				ENABLE_NS_ASSERTIONS = NO;
				ENABLE_STRICT_OBJC_MSGSEND = YES;
				ENABLE_USER_SCRIPT_SANDBOXING = YES;
				GCC_C_LANGUAGE_STANDARD = gnu17;
				GCC_NO_COMMON_BLOCKS = YES;
				GCC_WARN_64_TO_32_BIT_CONVERSION = YES;
				GCC_WARN_ABOUT_RETURN_TYPE = YES_ERROR;
				GCC_WARN_UNDECLARED_SELECTOR = YES;
				GCC_WARN_UNINITIALIZED_AUTOS = YES_AGGRESSIVE;
				GCC_WARN_UNUSED_FUNCTION = YES;
				GCC_WARN_UNUSED_VARIABLE = YES;
				IPHONEOS_DEPLOYMENT_TARGET = 17.2;
				LOCALIZATION_PREFERS_STRING_CATALOGS = YES;
				MTL_ENABLE_DEBUG_INFO = NO;
				MTL_FAST_MATH = YES;
				SDKROOT = iphoneos;
				SWIFT_COMPILATION_MODE = wholemodule;
				VALIDATE_PRODUCT = YES;
			};
			name = Release;
		};
		54BDAC792B9DC1C400580EC2 /* Debug */ = {
			isa = XCBuildConfiguration;
			buildSettings = {
				ASSETCATALOG_COMPILER_APPICON_NAME = AppIcon;
				ASSETCATALOG_COMPILER_GLOBAL_ACCENT_COLOR_NAME = AccentColor;
				CODE_SIGN_STYLE = Automatic;
				CURRENT_PROJECT_VERSION = 1;
				DEVELOPMENT_ASSET_PATHS = "\"Day Journal/Preview Content\"";
				DEVELOPMENT_TEAM = 362GN5DA84;
				ENABLE_PREVIEWS = YES;
				GENERATE_INFOPLIST_FILE = YES;
				INFOPLIST_KEY_UIApplicationSceneManifest_Generation = YES;
				INFOPLIST_KEY_UIApplicationSupportsIndirectInputEvents = YES;
				INFOPLIST_KEY_UILaunchScreen_Generation = YES;
				INFOPLIST_KEY_UISupportedInterfaceOrientations_iPad = "UIInterfaceOrientationPortrait UIInterfaceOrientationPortraitUpsideDown UIInterfaceOrientationLandscapeLeft UIInterfaceOrientationLandscapeRight";
				INFOPLIST_KEY_UISupportedInterfaceOrientations_iPhone = "UIInterfaceOrientationPortrait UIInterfaceOrientationLandscapeLeft UIInterfaceOrientationLandscapeRight";
				LD_RUNPATH_SEARCH_PATHS = (
					"$(inherited)",
					"@executable_path/Frameworks",
				);
				MARKETING_VERSION = 1.0;
				PRODUCT_BUNDLE_IDENTIFIER = "co.jannnn444.Day-Journal";
				PRODUCT_NAME = "$(TARGET_NAME)";
				SWIFT_EMIT_LOC_STRINGS = YES;
				SWIFT_VERSION = 5.0;
				TARGETED_DEVICE_FAMILY = "1,2";
			};
			name = Debug;
		};
		54BDAC7A2B9DC1C400580EC2 /* Release */ = {
			isa = XCBuildConfiguration;
			buildSettings = {
				ASSETCATALOG_COMPILER_APPICON_NAME = AppIcon;
				ASSETCATALOG_COMPILER_GLOBAL_ACCENT_COLOR_NAME = AccentColor;
				CODE_SIGN_STYLE = Automatic;
				CURRENT_PROJECT_VERSION = 1;
				DEVELOPMENT_ASSET_PATHS = "\"Day Journal/Preview Content\"";
				DEVELOPMENT_TEAM = 362GN5DA84;
				ENABLE_PREVIEWS = YES;
				GENERATE_INFOPLIST_FILE = YES;
				INFOPLIST_KEY_UIApplicationSceneManifest_Generation = YES;
				INFOPLIST_KEY_UIApplicationSupportsIndirectInputEvents = YES;
				INFOPLIST_KEY_UILaunchScreen_Generation = YES;
				INFOPLIST_KEY_UISupportedInterfaceOrientations_iPad = "UIInterfaceOrientationPortrait UIInterfaceOrientationPortraitUpsideDown UIInterfaceOrientationLandscapeLeft UIInterfaceOrientationLandscapeRight";
				INFOPLIST_KEY_UISupportedInterfaceOrientations_iPhone = "UIInterfaceOrientationPortrait UIInterfaceOrientationLandscapeLeft UIInterfaceOrientationLandscapeRight";
				LD_RUNPATH_SEARCH_PATHS = (
					"$(inherited)",
					"@executable_path/Frameworks",
				);
				MARKETING_VERSION = 1.0;
				PRODUCT_BUNDLE_IDENTIFIER = "co.jannnn444.Day-Journal";
				PRODUCT_NAME = "$(TARGET_NAME)";
				SWIFT_EMIT_LOC_STRINGS = YES;
				SWIFT_VERSION = 5.0;
				TARGETED_DEVICE_FAMILY = "1,2";
			};
			name = Release;
		};
/* End XCBuildConfiguration section */

/* Begin XCConfigurationList section */
		54BDAC652B9DC1C200580EC2 /* Build configuration list for PBXProject "Day Journal" */ = {
			isa = XCConfigurationList;
			buildConfigurations = (
				54BDAC762B9DC1C400580EC2 /* Debug */,
				54BDAC772B9DC1C400580EC2 /* Release */,
			);
			defaultConfigurationIsVisible = 0;
			defaultConfigurationName = Release;
		};
		54BDAC782B9DC1C400580EC2 /* Build configuration list for PBXNativeTarget "Day Journal" */ = {
			isa = XCConfigurationList;
			buildConfigurations = (
				54BDAC792B9DC1C400580EC2 /* Debug */,
				54BDAC7A2B9DC1C400580EC2 /* Release */,
			);
			defaultConfigurationIsVisible = 0;
			defaultConfigurationName = Release;
		};
/* End XCConfigurationList section */
	};
	rootObject = 54BDAC622B9DC1C200580EC2 /* Project object */;
}
